
Microsoft Visual Studio Solution File, Format Version 12.00
# Visual Studio Version 16
VisualStudioVersion = 16.0.31911.196
MinimumVisualStudioVersion = 10.0.40219.1
Project("{9A19103F-16F7-4668-BE54-9A1E7A4F7556}") = "OpenDocWeb_ASP", "OpenDocWeb_ASP\OpenDocWeb_ASP.csproj", "{0A6AAFFB-7F96-4CDA-8B81-E9EB4CB5A57D}"
EndProject
Project("{9092AA53-FB77-4645-B42D-1CCCA6BD08BD}") = "OpenDocApi_V2", "OpenDocApi_V2\OpenDocApi_V2.njsproj", "{D8FD5B17-8E51-4916-8705-E3B181129B3F}"
EndProject
Global
	GlobalSection(SolutionConfigurationPlatforms) = preSolution
		Debug|Any CPU = Debug|Any CPU
		Release|Any CPU = Release|Any CPU
	EndGlobalSection
	GlobalSection(ProjectConfigurationPlatforms) = postSolution
		{0A6AAFFB-7F96-4CDA-8B81-E9EB4CB5A57D}.Debug|Any CPU.ActiveCfg = Debug|Any CPU
		{0A6AAFFB-7F96-4CDA-8B81-E9EB4CB5A57D}.Debug|Any CPU.Build.0 = Debug|Any CPU
		{0A6AAFFB-7F96-4CDA-8B81-E9EB4CB5A57D}.Release|Any CPU.ActiveCfg = Release|Any CPU
		{0A6AAFFB-7F96-4CDA-8B81-E9EB4CB5A57D}.Release|Any CPU.Build.0 = Release|Any CPU
		{D8FD5B17-8E51-4916-8705-E3B181129B3F}.Debug|Any CPU.ActiveCfg = Debug|Any CPU
		{D8FD5B17-8E51-4916-8705-E3B181129B3F}.Debug|Any CPU.Build.0 = Debug|Any CPU
		{D8FD5B17-8E51-4916-8705-E3B181129B3F}.Release|Any CPU.ActiveCfg = Release|Any CPU
		{D8FD5B17-8E51-4916-8705-E3B181129B3F}.Release|Any CPU.Build.0 = Release|Any CPU
	EndGlobalSection
	GlobalSection(SolutionProperties) = preSolution
		HideSolutionNode = FALSE
	EndGlobalSection
	GlobalSection(ExtensibilityGlobals) = postSolution
		SolutionGuid = {1116B269-9FBC-4920-BCDC-A1FC681BF225}
	EndGlobalSection
EndGlobal
